github.com/go-icap/icap v0.0.0-20151011115316-ca4fad4ebb28 h1:A5Ks5k2Y1Y3/ibkMrBwcn2+qzgWUCxHZsGatPyCVExc=
github.com/go-icap/icap v0.0.0-20151011115316-ca4fad4ebb28/go.mod h1:CtySfVdYEiotF1PcVuY0qvLnk02XbSatTR1WJfnIjSk=
golang.org/x/net v0.57.0 h1:K5+3DljvIuDG9/Jv9rvyMywYNFCQ9RSUY6OOTTkT+tE=
golang.org/x/net v0.57.0/go.mod h1:KpXc8iv+r3XplLAG/f7Jsf9RPszJzdR0f58q9vGOuEU=
golang.org/x/text v0.40.0 h1:Ub2Z6/xjgF1WrYQz2nuITOEegKFtiIy+rieRJ5lHZKs=
golang.org/x/text v0.40.0/go.mod h1:hpnzDAfGV753zIKo+wk3u1bVKCGPbrnF7+7LBF/UHVY=
